
Microsoft Visual Studio Solution File, Format Version 12.00
# Visual Studio Version 16
VisualStudioVersion = 16.0.31613.86
MinimumVisualStudioVersion = 10.0.40219.1
Project("{FAE04EC0-301F-11D3-BF4B-00C04F79EFBC}") = "DesafioMesIngles", "DesafioMesIngles\DesafioMesIngles.csproj", "{5F3341B3-0E9E-4734-B8D6-CF28C539300B}"
EndProject
Global
	GlobalSection(SolutionConfigurationPlatforms) = preSolution
		Debug|Any CPU = Debug|Any CPU
		Release|Any CPU = Release|Any CPU
	EndGlobalSection
	GlobalSection(ProjectConfigurationPlatforms) = postSolution
		{5F3341B3-0E9E-4734-B8D6-CF28C539300B}.Debug|Any CPU.ActiveCfg = Debug|Any CPU
		{5F3341B3-0E9E-4734-B8D6-CF28C539300B}.Debug|Any CPU.Build.0 = Debug|Any CPU
		{5F3341B3-0E9E-4734-B8D6-CF28C539300B}.Release|Any CPU.ActiveCfg = Release|Any CPU
		{5F3341B3-0E9E-4734-B8D6-CF28C539300B}.Release|Any CPU.Build.0 = Release|Any CPU
	EndGlobalSection
	GlobalSection(SolutionProperties) = preSolution
		HideSolutionNode = FALSE
	EndGlobalSection
	GlobalSection(ExtensibilityGlobals) = postSolution
		SolutionGuid = {8A53B3A3-6AB7-43D9-A2CB-D5AE57F7A3E6}
	EndGlobalSection
EndGlobal
